
Microsoft Visual Studio Solution File, Format Version 12.00
# Visual Studio 14
VisualStudioVersion = 14.0.25420.1
MinimumVisualStudioVersion = 10.0.40219.1
Project("{2150E333-8FDC-42A3-9474-1A3956D46DE8}") = "src", "src", "{8E01B702-2CE8-4591-89CB-EA68645D5029}"
EndProject
Project("{2150E333-8FDC-42A3-9474-1A3956D46DE8}") = "Solution Items", "Solution Items", "{2CB7F370-DEEA-423C-BCC8-BD89AB8854DC}"
	ProjectSection(SolutionItems) = preProject
		global.json = global.json
	EndProjectSection
EndProject
Project("{8BB2217D-0F2D-49D1-97BC-3654ED321F3B}") = "LicenseManager", "src\LicenseManager\LicenseManager.xproj", "{ED3148D9-1CEF-4C1A-86EE-4D6725C5B19F}"
EndProject
Global
	GlobalSection(SolutionConfigurationPlatforms) = preSolution
		Debug|Any CPU = Debug|Any CPU
		Release|Any CPU = Release|Any CPU
	EndGlobalSection
	GlobalSection(ProjectConfigurationPlatforms) = postSolution
		{ED3148D9-1CEF-4C1A-86EE-4D6725C5B19F}.Debug|Any CPU.ActiveCfg = Debug|Any CPU
		{ED3148D9-1CEF-4C1A-86EE-4D6725C5B19F}.Debug|Any CPU.Build.0 = Debug|Any CPU
		{ED3148D9-1CEF-4C1A-86EE-4D6725C5B19F}.Release|Any CPU.ActiveCfg = Release|Any CPU
		{ED3148D9-1CEF-4C1A-86EE-4D6725C5B19F}.Release|Any CPU.Build.0 = Release|Any CPU
	EndGlobalSection
	GlobalSection(SolutionProperties) = preSolution
		HideSolutionNode = FALSE
	EndGlobalSection
	GlobalSection(NestedProjects) = preSolution
		{ED3148D9-1CEF-4C1A-86EE-4D6725C5B19F} = {8E01B702-2CE8-4591-89CB-EA68645D5029}
	EndGlobalSection
EndGlobal
